
Microsoft Visual Studio Solution File, Format Version 12.00
Project("{FAE04EC0-301F-11D3-BF4B-00C04F79EFBC}") = "Festival_Renderer", "Festival_Renderer\Festival_Renderer.csproj", "{5294BE69-A0DC-446E-B7E3-381B42069903}"
EndProject
Global
	GlobalSection(SolutionConfigurationPlatforms) = preSolution
		Debug|Any CPU = Debug|Any CPU
		Release|Any CPU = Release|Any CPU
	EndGlobalSection
	GlobalSection(ProjectConfigurationPlatforms) = postSolution
		{5294BE69-A0DC-446E-B7E3-381B42069903}.Debug|Any CPU.ActiveCfg = Debug|Any CPU
		{5294BE69-A0DC-446E-B7E3-381B42069903}.Debug|Any CPU.Build.0 = Debug|Any CPU
		{5294BE69-A0DC-446E-B7E3-381B42069903}.Release|Any CPU.ActiveCfg = Release|Any CPU
		{5294BE69-A0DC-446E-B7E3-381B42069903}.Release|Any CPU.Build.0 = Release|Any CPU
	EndGlobalSection
EndGlobal
